
Microsoft Visual Studio Solution File, Format Version 12.00
# Visual Studio Version 16
VisualStudioVersion = 16.0.32802.440
MinimumVisualStudioVersion = 10.0.40219.1
Project("{FAE04EC0-301F-11D3-BF4B-00C04F79EFBC}") = "ArshdeepsBookStore", "ArshdeepsBookStore\ArshdeepsBookStore.csproj", "{93C91D7A-1D3F-4D93-87C4-4FF242FFF3C4}"
EndProject
Project("{FAE04EC0-301F-11D3-BF4B-00C04F79EFBC}") = "ArshdeepsBooks.DataAccess", "ArshdeepsBooks.DataAccess\ArshdeepsBooks.DataAccess.csproj", "{D994CE7A-C40C-4619-8B8F-399DEB5C8E13}"
EndProject
Project("{FAE04EC0-301F-11D3-BF4B-00C04F79EFBC}") = "ArshdeepsBooks.Models", "ArshdeepsBooks.Models\ArshdeepsBooks.Models.csproj", "{3E7E8212-DF73-4ADB-B58F-C4EA57F7E73C}"
EndProject
Project("{FAE04EC0-301F-11D3-BF4B-00C04F79EFBC}") = "AndrewsBooks.Utility", "AndrewsBooks.Utility\AndrewsBooks.Utility.csproj", "{59EBCE1F-7410-458E-B786-16A985453DBF}"
EndProject
Global
	GlobalSection(SolutionConfigurationPlatforms) = preSolution
		Debug|Any CPU = Debug|Any CPU
		Release|Any CPU = Release|Any CPU
	EndGlobalSection
	GlobalSection(ProjectConfigurationPlatforms) = postSolution
		{93C91D7A-1D3F-4D93-87C4-4FF242FFF3C4}.Debug|Any CPU.ActiveCfg = Debug|Any CPU
		{93C91D7A-1D3F-4D93-87C4-4FF242FFF3C4}.Debug|Any CPU.Build.0 = Debug|Any CPU
		{93C91D7A-1D3F-4D93-87C4-4FF242FFF3C4}.Release|Any CPU.ActiveCfg = Release|Any CPU
		{93C91D7A-1D3F-4D93-87C4-4FF242FFF3C4}.Release|Any CPU.Build.0 = Release|Any CPU
		{D994CE7A-C40C-4619-8B8F-399DEB5C8E13}.Debug|Any CPU.ActiveCfg = Debug|Any CPU
		{D994CE7A-C40C-4619-8B8F-399DEB5C8E13}.Debug|Any CPU.Build.0 = Debug|Any CPU
		{D994CE7A-C40C-4619-8B8F-399DEB5C8E13}.Release|Any CPU.ActiveCfg = Release|Any CPU
		{D994CE7A-C40C-4619-8B8F-399DEB5C8E13}.Release|Any CPU.Build.0 = Release|Any CPU
		{3E7E8212-DF73-4ADB-B58F-C4EA57F7E73C}.Debug|Any CPU.ActiveCfg = Debug|Any CPU
		{3E7E8212-DF73-4ADB-B58F-C4EA57F7E73C}.Debug|Any CPU.Build.0 = Debug|Any CPU
		{3E7E8212-DF73-4ADB-B58F-C4EA57F7E73C}.Release|Any CPU.ActiveCfg = Release|Any CPU
		{3E7E8212-DF73-4ADB-B58F-C4EA57F7E73C}.Release|Any CPU.Build.0 = Release|Any CPU
		{59EBCE1F-7410-458E-B786-16A985453DBF}.Debug|Any CPU.ActiveCfg = Debug|Any CPU
		{59EBCE1F-7410-458E-B786-16A985453DBF}.Debug|Any CPU.Build.0 = Debug|Any CPU
		{59EBCE1F-7410-458E-B786-16A985453DBF}.Release|Any CPU.ActiveCfg = Release|Any CPU
		{59EBCE1F-7410-458E-B786-16A985453DBF}.Release|Any CPU.Build.0 = Release|Any CPU
	EndGlobalSection
	GlobalSection(SolutionProperties) = preSolution
		HideSolutionNode = FALSE
	EndGlobalSection
	GlobalSection(ExtensibilityGlobals) = postSolution
		SolutionGuid = {42D24A20-6679-4DCC-9CD8-F8EBAB178AB4}
	EndGlobalSection
EndGlobal
